
Microsoft Visual Studio Solution File, Format Version 12.00
# Visual Studio Version 16
VisualStudioVersion = 25.0.1706.14
MinimumVisualStudioVersion = 10.0.40219.1
Project("{FAE04EC0-301F-11D3-BF4B-00C04F79EFBC}") = "nalanda", "nalanda\nalanda.csproj", "{DA7CB92F-A4E5-4B06-A09D-A997267F1A27}"
EndProject
Global
	GlobalSection(SolutionConfigurationPlatforms) = preSolution
		Debug|Any CPU = Debug|Any CPU
		Release|Any CPU = Release|Any CPU
	EndGlobalSection
	GlobalSection(ProjectConfigurationPlatforms) = postSolution
		{DA7CB92F-A4E5-4B06-A09D-A997267F1A27}.Debug|Any CPU.ActiveCfg = Debug|Any CPU
		{DA7CB92F-A4E5-4B06-A09D-A997267F1A27}.Debug|Any CPU.Build.0 = Debug|Any CPU
		{DA7CB92F-A4E5-4B06-A09D-A997267F1A27}.Release|Any CPU.ActiveCfg = Release|Any CPU
		{DA7CB92F-A4E5-4B06-A09D-A997267F1A27}.Release|Any CPU.Build.0 = Release|Any CPU
	EndGlobalSection
	GlobalSection(SolutionProperties) = preSolution
		HideSolutionNode = FALSE
	EndGlobalSection
	GlobalSection(ExtensibilityGlobals) = postSolution
		SolutionGuid = {0790FB91-BE39-48D1-B60B-444EE65B5291}
	EndGlobalSection
EndGlobal
